{
  "version": 4,
  "terraform_version": "0.12.26",
  "serial": 24,
  "lineage": "a6563f8f-4b7f-1bf0-de29-eeab6565f44b",
  "outputs": {
    "VPS_summary": {
      "value": [
        [
          "135.181.31.36",
          "95.217.182.216",
          "95.217.178.106",
          "95.217.178.107",
          "135.181.31.35",
          "95.217.185.15",
          "95.217.234.246"
        ],
        [
          "ag4544-lb.devops.rebrain.srwx.net",
          "ag4544-app1.devops.rebrain.srwx.net",
          "ag4544-app2.devops.rebrain.srwx.net",
          "ag4544-db1.devops.rebrain.srwx.net",
          "ag4544-db2.devops.rebrain.srwx.net",
          "ag4544-db3.devops.rebrain.srwx.net",
          "ag4544-proxy.devops.rebrain.srwx.net"
        ],
        [
          "Hpgh@ZF9C89B@3o4",
          "fQIHQUrtKfEVKCGj",
          "GymPL6FByD9s%NrW",
          "1dXxttmNKYan@GJ2",
          "3_whugSA1rXUfXJE",
          "gMVixzzeQpSeZGzF",
          "9MWdMhJbnG5W7_mE"
        ]
      ],
      "type": [
        "tuple",
        [
          [
            "tuple",
            [
              "string",
              "string",
              "string",
              "string",
              "string",
              "string",
              "string"
            ]
          ],
          [
            "tuple",
            [
              "string",
              "string",
              "string",
              "string",
              "string",
              "string",
              "string"
            ]
          ],
          [
            "tuple",
            [
              "string",
              "string",
              "string",
              "string",
              "string",
              "string",
              "string"
            ]
          ]
        ]
      ]
    }
  },
  "resources": [
    {
      "mode": "data",
      "type": "aws_route53_zone",
      "name": "rebrain",
      "provider": "provider.aws",
      "instances": [
        {
          "schema_version": 0,
          "attributes": {
            "caller_reference": "33AF585A-5643-AF06-BECE-5659C81FFDFA",
            "comment": "",
            "id": "ZCOKAAJ9UMS0T",
            "linked_service_description": null,
            "linked_service_principal": null,
            "name": "devops.rebrain.srwx.net.",
            "name_servers": [
              "ns-604.awsdns-11.net",
              "ns-18.awsdns-02.com",
              "ns-1086.awsdns-07.org",
              "ns-1661.awsdns-15.co.uk"
            ],
            "private_zone": false,
            "resource_record_set_count": 1446,
            "tags": {},
            "vpc_id": null,
            "zone_id": "ZCOKAAJ9UMS0T"
          }
        }
      ]
    },
    {
      "mode": "data",
      "type": "hcloud_ssh_key",
      "name": "rebrain",
      "provider": "provider.hcloud",
      "instances": [
        {
          "schema_version": 0,
          "attributes": {
            "fingerprint": "95:23:66:57:56:2e:5a:47:85:fb:86:73:ca:b5:90:e7",
            "id": 1243546,
            "labels": {},
            "name": "REBRAIN.SSH.PUB.KEY",
            "public_key": "ssh-rsa AAAAB3NzaC1yc2EAAAADAQABAAABAQDNm4pL78YE6j9FTD6lGPzGIXl94q2118orskmYoSfr5qzZspXhhLlMu2Y9R20/8KVns1T8j9Q/fb9X33MtjuPRoNmz5LPIqoIYblbujdFqt+5vpz2YbfHPEBC5GrN2XHw4wFzyXCki5DaYC6Ktj2brJGUJomrIc2hwzK+wV2ncGLZv73E1+sDUdGuuLFeU60lvrK6fp03KN3Dyouc61RDPmG81omA5obcf4jBdA6FjoOpVq64XYqR0kzUhM2DXKsnagfkV9oFBfDdz3U+JZRz7ubR4iPtojq5LyQE8Ah3q2CDPxrEBKkJbglRoPBRQ0NGtyNH83HfIPZctkLMx8ja3",
            "selector": null,
            "with_selector": null
          }
        }
      ]
    },
    {
      "mode": "managed",
      "type": "aws_route53_record",
      "name": "task11",
      "each": "list",
      "provider": "provider.aws",
      "instances": [
        {
          "index_key": 0,
          "schema_version": 2,
          "attributes": {
            "alias": [],
            "allow_overwrite": null,
            "failover_routing_policy": [],
            "fqdn": "ag4544-lb.devops.rebrain.srwx.net",
            "geolocation_routing_policy": [],
            "health_check_id": null,
            "id": "ZCOKAAJ9UMS0T_ag4544-lb.devops.rebrain.srwx.net._A",
            "latency_routing_policy": [],
            "multivalue_answer_routing_policy": null,
            "name": "ag4544-lb.devops.rebrain.srwx.net",
            "records": [
              "135.181.31.36"
            ],
            "set_identifier": null,
            "ttl": 300,
            "type": "A",
            "weighted_routing_policy": [],
            "zone_id": "ZCOKAAJ9UMS0T"
          },
          "private": "eyJzY2hlbWFfdmVyc2lvbiI6IjIifQ==",
          "dependencies": [
            "hcloud_server.terraform_task11",
            "hcloud_ssh_key.default",
            "random_password.password"
          ]
        },
        {
          "index_key": 1,
          "schema_version": 2,
          "attributes": {
            "alias": [],
            "allow_overwrite": null,
            "failover_routing_policy": [],
            "fqdn": "ag4544-app1.devops.rebrain.srwx.net",
            "geolocation_routing_policy": [],
            "health_check_id": null,
            "id": "ZCOKAAJ9UMS0T_ag4544-app1.devops.rebrain.srwx.net._A",
            "latency_routing_policy": [],
            "multivalue_answer_routing_policy": null,
            "name": "ag4544-app1.devops.rebrain.srwx.net",
            "records": [
              "95.217.182.216"
            ],
            "set_identifier": null,
            "ttl": 300,
            "type": "A",
            "weighted_routing_policy": [],
            "zone_id": "ZCOKAAJ9UMS0T"
          },
          "private": "eyJzY2hlbWFfdmVyc2lvbiI6IjIifQ==",
          "dependencies": [
            "hcloud_server.terraform_task11",
            "hcloud_ssh_key.default",
            "random_password.password"
          ]
        },
        {
          "index_key": 2,
          "schema_version": 2,
          "attributes": {
            "alias": [],
            "allow_overwrite": null,
            "failover_routing_policy": [],
            "fqdn": "ag4544-app2.devops.rebrain.srwx.net",
            "geolocation_routing_policy": [],
            "health_check_id": null,
            "id": "ZCOKAAJ9UMS0T_ag4544-app2.devops.rebrain.srwx.net._A",
            "latency_routing_policy": [],
            "multivalue_answer_routing_policy": null,
            "name": "ag4544-app2.devops.rebrain.srwx.net",
            "records": [
              "95.217.178.106"
            ],
            "set_identifier": null,
            "ttl": 300,
            "type": "A",
            "weighted_routing_policy": [],
            "zone_id": "ZCOKAAJ9UMS0T"
          },
          "private": "eyJzY2hlbWFfdmVyc2lvbiI6IjIifQ==",
          "dependencies": [
            "hcloud_server.terraform_task11",
            "hcloud_ssh_key.default",
            "random_password.password"
          ]
        },
        {
          "index_key": 3,
          "schema_version": 2,
          "attributes": {
            "alias": [],
            "allow_overwrite": null,
            "failover_routing_policy": [],
            "fqdn": "ag4544-db1.devops.rebrain.srwx.net",
            "geolocation_routing_policy": [],
            "health_check_id": null,
            "id": "ZCOKAAJ9UMS0T_ag4544-db1.devops.rebrain.srwx.net._A",
            "latency_routing_policy": [],
            "multivalue_answer_routing_policy": null,
            "name": "ag4544-db1.devops.rebrain.srwx.net",
            "records": [
              "95.217.178.107"
            ],
            "set_identifier": null,
            "ttl": 300,
            "type": "A",
            "weighted_routing_policy": [],
            "zone_id": "ZCOKAAJ9UMS0T"
          },
          "private": "eyJzY2hlbWFfdmVyc2lvbiI6IjIifQ==",
          "dependencies": [
            "hcloud_server.terraform_task11",
            "hcloud_ssh_key.default",
            "random_password.password"
          ]
        },
        {
          "index_key": 4,
          "schema_version": 2,
          "attributes": {
            "alias": [],
            "allow_overwrite": null,
            "failover_routing_policy": [],
            "fqdn": "ag4544-db2.devops.rebrain.srwx.net",
            "geolocation_routing_policy": [],
            "health_check_id": null,
            "id": "ZCOKAAJ9UMS0T_ag4544-db2.devops.rebrain.srwx.net._A",
            "latency_routing_policy": [],
            "multivalue_answer_routing_policy": null,
            "name": "ag4544-db2.devops.rebrain.srwx.net",
            "records": [
              "135.181.31.35"
            ],
            "set_identifier": null,
            "ttl": 300,
            "type": "A",
            "weighted_routing_policy": [],
            "zone_id": "ZCOKAAJ9UMS0T"
          },
          "private": "eyJzY2hlbWFfdmVyc2lvbiI6IjIifQ==",
          "dependencies": [
            "hcloud_server.terraform_task11",
            "hcloud_ssh_key.default",
            "random_password.password"
          ]
        },
        {
          "index_key": 5,
          "schema_version": 2,
          "attributes": {
            "alias": [],
            "allow_overwrite": null,
            "failover_routing_policy": [],
            "fqdn": "ag4544-db3.devops.rebrain.srwx.net",
            "geolocation_routing_policy": [],
            "health_check_id": null,
            "id": "ZCOKAAJ9UMS0T_ag4544-db3.devops.rebrain.srwx.net._A",
            "latency_routing_policy": [],
            "multivalue_answer_routing_policy": null,
            "name": "ag4544-db3.devops.rebrain.srwx.net",
            "records": [
              "95.217.185.15"
            ],
            "set_identifier": null,
            "ttl": 300,
            "type": "A",
            "weighted_routing_policy": [],
            "zone_id": "ZCOKAAJ9UMS0T"
          },
          "private": "eyJzY2hlbWFfdmVyc2lvbiI6IjIifQ==",
          "dependencies": [
            "hcloud_server.terraform_task11",
            "hcloud_ssh_key.default",
            "random_password.password"
          ]
        },
        {
          "index_key": 6,
          "schema_version": 2,
          "attributes": {
            "alias": [],
            "allow_overwrite": null,
            "failover_routing_policy": [],
            "fqdn": "ag4544-proxy.devops.rebrain.srwx.net",
            "geolocation_routing_policy": [],
            "health_check_id": null,
            "id": "ZCOKAAJ9UMS0T_ag4544-proxy.devops.rebrain.srwx.net._A",
            "latency_routing_policy": [],
            "multivalue_answer_routing_policy": null,
            "name": "ag4544-proxy.devops.rebrain.srwx.net",
            "records": [
              "95.217.234.246"
            ],
            "set_identifier": null,
            "ttl": 300,
            "type": "A",
            "weighted_routing_policy": [],
            "zone_id": "ZCOKAAJ9UMS0T"
          },
          "private": "eyJzY2hlbWFfdmVyc2lvbiI6IjIifQ==",
          "dependencies": [
            "hcloud_server.terraform_task11",
            "hcloud_ssh_key.default",
            "random_password.password"
          ]
        }
      ]
    },
    {
      "mode": "managed",
      "type": "hcloud_server",
      "name": "terraform_task11",
      "each": "list",
      "provider": "provider.hcloud",
      "instances": [
        {
          "index_key": 0,
          "schema_version": 0,
          "attributes": {
            "backup_window": "",
            "backups": false,
            "datacenter": "hel1-dc2",
            "id": "6544249",
            "image": "debian-10",
            "ipv4_address": "135.181.31.36",
            "ipv6_address": "2a01:4f9:c010:af36::1",
            "ipv6_network": "2a01:4f9:c010:af36::/64",
            "iso": null,
            "keep_disk": false,
            "labels": {
              "email": "ag4544_at_yandex_ru",
              "module": "devops"
            },
            "location": "hel1",
            "name": "ag4544-lb",
            "rescue": null,
            "server_type": "cx11",
            "ssh_keys": [
              "1243546",
              "1722539"
            ],
            "status": "running",
            "user_data": null
          },
          "private": "bnVsbA==",
          "dependencies": [
            "hcloud_ssh_key.default",
            "random_password.password"
          ]
        },
        {
          "index_key": 1,
          "schema_version": 0,
          "attributes": {
            "backup_window": "",
            "backups": false,
            "datacenter": "hel1-dc2",
            "id": "6544254",
            "image": "debian-10",
            "ipv4_address": "95.217.182.216",
            "ipv6_address": "2a01:4f9:c010:b2df::1",
            "ipv6_network": "2a01:4f9:c010:b2df::/64",
            "iso": null,
            "keep_disk": false,
            "labels": {
              "email": "ag4544_at_yandex_ru",
              "module": "devops"
            },
            "location": "hel1",
            "name": "ag4544-app1",
            "rescue": null,
            "server_type": "cx11",
            "ssh_keys": [
              "1243546",
              "1722539"
            ],
            "status": "running",
            "user_data": null
          },
          "private": "bnVsbA==",
          "dependencies": [
            "hcloud_ssh_key.default",
            "random_password.password"
          ]
        },
        {
          "index_key": 2,
          "schema_version": 0,
          "attributes": {
            "backup_window": "",
            "backups": false,
            "datacenter": "hel1-dc2",
            "id": "6544251",
            "image": "debian-10",
            "ipv4_address": "95.217.178.106",
            "ipv6_address": "2a01:4f9:c010:ab36::1",
            "ipv6_network": "2a01:4f9:c010:ab36::/64",
            "iso": null,
            "keep_disk": false,
            "labels": {
              "email": "ag4544_at_yandex_ru",
              "module": "devops"
            },
            "location": "hel1",
            "name": "ag4544-app2",
            "rescue": null,
            "server_type": "cx11",
            "ssh_keys": [
              "1243546",
              "1722539"
            ],
            "status": "running",
            "user_data": null
          },
          "private": "bnVsbA==",
          "dependencies": [
            "hcloud_ssh_key.default",
            "random_password.password"
          ]
        },
        {
          "index_key": 3,
          "schema_version": 0,
          "attributes": {
            "backup_window": "",
            "backups": false,
            "datacenter": "hel1-dc2",
            "id": "6544248",
            "image": "debian-10",
            "ipv4_address": "95.217.178.107",
            "ipv6_address": "2a01:4f9:c010:9e11::1",
            "ipv6_network": "2a01:4f9:c010:9e11::/64",
            "iso": null,
            "keep_disk": false,
            "labels": {
              "email": "ag4544_at_yandex_ru",
              "module": "devops"
            },
            "location": "hel1",
            "name": "ag4544-db1",
            "rescue": null,
            "server_type": "cx11",
            "ssh_keys": [
              "1243546",
              "1722539"
            ],
            "status": "running",
            "user_data": null
          },
          "private": "bnVsbA==",
          "dependencies": [
            "hcloud_ssh_key.default",
            "random_password.password"
          ]
        },
        {
          "index_key": 4,
          "schema_version": 0,
          "attributes": {
            "backup_window": "",
            "backups": false,
            "datacenter": "hel1-dc2",
            "id": "6544250",
            "image": "debian-10",
            "ipv4_address": "135.181.31.35",
            "ipv6_address": "2a01:4f9:c010:9948::1",
            "ipv6_network": "2a01:4f9:c010:9948::/64",
            "iso": null,
            "keep_disk": false,
            "labels": {
              "email": "ag4544_at_yandex_ru",
              "module": "devops"
            },
            "location": "hel1",
            "name": "ag4544-db2",
            "rescue": null,
            "server_type": "cx11",
            "ssh_keys": [
              "1243546",
              "1722539"
            ],
            "status": "running",
            "user_data": null
          },
          "private": "bnVsbA==",
          "dependencies": [
            "hcloud_ssh_key.default",
            "random_password.password"
          ]
        },
        {
          "index_key": 5,
          "schema_version": 0,
          "attributes": {
            "backup_window": "",
            "backups": false,
            "datacenter": "hel1-dc2",
            "id": "6544252",
            "image": "debian-10",
            "ipv4_address": "95.217.185.15",
            "ipv6_address": "2a01:4f9:c010:a304::1",
            "ipv6_network": "2a01:4f9:c010:a304::/64",
            "iso": null,
            "keep_disk": false,
            "labels": {
              "email": "ag4544_at_yandex_ru",
              "module": "devops"
            },
            "location": "hel1",
            "name": "ag4544-db3",
            "rescue": null,
            "server_type": "cx11",
            "ssh_keys": [
              "1243546",
              "1722539"
            ],
            "status": "running",
            "user_data": null
          },
          "private": "bnVsbA==",
          "dependencies": [
            "hcloud_ssh_key.default",
            "random_password.password"
          ]
        },
        {
          "index_key": 6,
          "schema_version": 0,
          "attributes": {
            "backup_window": "",
            "backups": false,
            "datacenter": "hel1-dc2",
            "id": "6544253",
            "image": "debian-10",
            "ipv4_address": "95.217.234.246",
            "ipv6_address": "2a01:4f9:c010:821b::1",
            "ipv6_network": "2a01:4f9:c010:821b::/64",
            "iso": null,
            "keep_disk": false,
            "labels": {
              "email": "ag4544_at_yandex_ru",
              "module": "devops"
            },
            "location": "hel1",
            "name": "ag4544-proxy",
            "rescue": null,
            "server_type": "cx11",
            "ssh_keys": [
              "1243546",
              "1722539"
            ],
            "status": "running",
            "user_data": null
          },
          "private": "bnVsbA==",
          "dependencies": [
            "hcloud_ssh_key.default",
            "random_password.password"
          ]
        }
      ]
    },
    {
      "mode": "managed",
      "type": "hcloud_ssh_key",
      "name": "default",
      "provider": "provider.hcloud",
      "instances": [
        {
          "schema_version": 0,
          "attributes": {
            "fingerprint": "de:74:d6:0e:ee:34:a0:5b:96:17:2d:5d:fd:c6:83:5e",
            "id": "1722539",
            "labels": null,
            "name": "TF_key2",
            "public_key": "ssh-rsa AAAAB3NzaC1yc2EAAAADAQABAAABAQC3Id3XzOgQcy5w2/83ZDvpmwdiDdXR0zRiHr/aHO51m/E3l13uXZxpr+XIxShkzPLyN4r26N9Od5E/eo/XT8j436G5ys7HP37IIIyIrnR2WIqeuH8e8SfrINFh6SFJaf7aYLkqoOHRgCKsO8o6SOFO8XqcsXdLHtCq05GIXXO7MbDvsSvy5nDmxdQS4Fzw5T+zHkZdpCAHIA6gtFgX6NzDnstvWu1UC6rzxzLw4ydJTAHjLaUAP4Nu+N5tv+Qbks0XrZiZjO/CHCOqVUQ6E+0bUPZPG6KFtER2a83boFrR9t3Es3HPojQke2BIygXKUYH3mlk8St+JhwKzbqSVIvBZ ag4544n2@ag4544-debian10\n"
          },
          "private": "bnVsbA=="
        }
      ]
    },
    {
      "mode": "managed",
      "type": "local_file",
      "name": "VPS_summary",
      "provider": "provider.local",
      "instances": [
        {
          "schema_version": 0,
          "attributes": {
            "content": "135.181.31.36\n95.217.182.216\n95.217.178.106\n95.217.178.107\n135.181.31.35\n95.217.185.15\n95.217.234.246\nag4544-lb.devops.rebrain.srwx.net\nag4544-app1.devops.rebrain.srwx.net\nag4544-app2.devops.rebrain.srwx.net\nag4544-db1.devops.rebrain.srwx.net\nag4544-db2.devops.rebrain.srwx.net\nag4544-db3.devops.rebrain.srwx.net\nag4544-proxy.devops.rebrain.srwx.net\nHpgh@ZF9C89B@3o4\nfQIHQUrtKfEVKCGj\nGymPL6FByD9s%NrW\n1dXxttmNKYan@GJ2\n3_whugSA1rXUfXJE\ngMVixzzeQpSeZGzF\n9MWdMhJbnG5W7_mE",
            "content_base64": null,
            "directory_permission": "0777",
            "file_permission": "0777",
            "filename": "./vps.txt",
            "id": "6829cf3e358cf50de1e97c0f61aae5ce92eab6c2",
            "sensitive_content": null
          },
          "private": "bnVsbA==",
          "dependencies": [
            "aws_route53_record.task11",
            "hcloud_server.terraform_task11",
            "hcloud_ssh_key.default",
            "random_password.password"
          ]
        }
      ]
    },
    {
      "mode": "managed",
      "type": "random_password",
      "name": "password",
      "each": "list",
      "provider": "provider.random",
      "instances": [
        {
          "index_key": 0,
          "schema_version": 0,
          "attributes": {
            "id": "none",
            "keepers": null,
            "length": 16,
            "lower": true,
            "min_lower": 0,
            "min_numeric": 0,
            "min_special": 0,
            "min_upper": 0,
            "number": true,
            "override_special": "_%@",
            "result": "Hpgh@ZF9C89B@3o4",
            "special": true,
            "upper": true
          },
          "private": "bnVsbA=="
        },
        {
          "index_key": 1,
          "schema_version": 0,
          "attributes": {
            "id": "none",
            "keepers": null,
            "length": 16,
            "lower": true,
            "min_lower": 0,
            "min_numeric": 0,
            "min_special": 0,
            "min_upper": 0,
            "number": true,
            "override_special": "_%@",
            "result": "fQIHQUrtKfEVKCGj",
            "special": true,
            "upper": true
          },
          "private": "bnVsbA=="
        },
        {
          "index_key": 2,
          "schema_version": 0,
          "attributes": {
            "id": "none",
            "keepers": null,
            "length": 16,
            "lower": true,
            "min_lower": 0,
            "min_numeric": 0,
            "min_special": 0,
            "min_upper": 0,
            "number": true,
            "override_special": "_%@",
            "result": "GymPL6FByD9s%NrW",
            "special": true,
            "upper": true
          },
          "private": "bnVsbA=="
        },
        {
          "index_key": 3,
          "schema_version": 0,
          "attributes": {
            "id": "none",
            "keepers": null,
            "length": 16,
            "lower": true,
            "min_lower": 0,
            "min_numeric": 0,
            "min_special": 0,
            "min_upper": 0,
            "number": true,
            "override_special": "_%@",
            "result": "1dXxttmNKYan@GJ2",
            "special": true,
            "upper": true
          },
          "private": "bnVsbA=="
        },
        {
          "index_key": 4,
          "schema_version": 0,
          "attributes": {
            "id": "none",
            "keepers": null,
            "length": 16,
            "lower": true,
            "min_lower": 0,
            "min_numeric": 0,
            "min_special": 0,
            "min_upper": 0,
            "number": true,
            "override_special": "_%@",
            "result": "3_whugSA1rXUfXJE",
            "special": true,
            "upper": true
          },
          "private": "bnVsbA=="
        },
        {
          "index_key": 5,
          "schema_version": 0,
          "attributes": {
            "id": "none",
            "keepers": null,
            "length": 16,
            "lower": true,
            "min_lower": 0,
            "min_numeric": 0,
            "min_special": 0,
            "min_upper": 0,
            "number": true,
            "override_special": "_%@",
            "result": "gMVixzzeQpSeZGzF",
            "special": true,
            "upper": true
          },
          "private": "bnVsbA=="
        },
        {
          "index_key": 6,
          "schema_version": 0,
          "attributes": {
            "id": "none",
            "keepers": null,
            "length": 16,
            "lower": true,
            "min_lower": 0,
            "min_numeric": 0,
            "min_special": 0,
            "min_upper": 0,
            "number": true,
            "override_special": "_%@",
            "result": "9MWdMhJbnG5W7_mE",
            "special": true,
            "upper": true
          },
          "private": "bnVsbA=="
        }
      ]
    }
  ]
}
